
Microsoft Visual Studio Solution File, Format Version 12.00
# Visual Studio Version 17
VisualStudioVersion = 17.7.34221.43
MinimumVisualStudioVersion = 10.0.40219.1
Project("{FAE04EC0-301F-11D3-BF4B-00C04F79EFBC}") = "Calculadora", "Calculadora\Calculadora.csproj", "{9BFD0142-4471-47CA-9AC8-1DA395AEB351}"
EndProject
Project("{FAE04EC0-301F-11D3-BF4B-00C04F79EFBC}") = "CalculadoraTestes", "CalculadoraTestes\CalculadoraTestes.csproj", "{0C047010-D629-4006-B529-2A5FB2DABD50}"
EndProject
Global
	GlobalSection(SolutionConfigurationPlatforms) = preSolution
		Debug|Any CPU = Debug|Any CPU
		Release|Any CPU = Release|Any CPU
	EndGlobalSection
	GlobalSection(ProjectConfigurationPlatforms) = postSolution
		{9BFD0142-4471-47CA-9AC8-1DA395AEB351}.Debug|Any CPU.ActiveCfg = Debug|Any CPU
		{9BFD0142-4471-47CA-9AC8-1DA395AEB351}.Debug|Any CPU.Build.0 = Debug|Any CPU
		{9BFD0142-4471-47CA-9AC8-1DA395AEB351}.Release|Any CPU.ActiveCfg = Release|Any CPU
		{9BFD0142-4471-47CA-9AC8-1DA395AEB351}.Release|Any CPU.Build.0 = Release|Any CPU
		{0C047010-D629-4006-B529-2A5FB2DABD50}.Debug|Any CPU.ActiveCfg = Debug|Any CPU
		{0C047010-D629-4006-B529-2A5FB2DABD50}.Debug|Any CPU.Build.0 = Debug|Any CPU
		{0C047010-D629-4006-B529-2A5FB2DABD50}.Release|Any CPU.ActiveCfg = Release|Any CPU
		{0C047010-D629-4006-B529-2A5FB2DABD50}.Release|Any CPU.Build.0 = Release|Any CPU
	EndGlobalSection
	GlobalSection(SolutionProperties) = preSolution
		HideSolutionNode = FALSE
	EndGlobalSection
	GlobalSection(ExtensibilityGlobals) = postSolution
		SolutionGuid = {2DB02674-6B7F-4097-80AE-8EE122FA215D}
	EndGlobalSection
EndGlobal
