
Microsoft Visual Studio Solution File, Format Version 12.00
# Visual Studio Version 17
VisualStudioVersion = 17.7.34003.232
MinimumVisualStudioVersion = 10.0.40219.1
Project("{FAE04EC0-301F-11D3-BF4B-00C04F79EFBC}") = "Hospedagem", "Hospedagem\Hospedagem.csproj", "{8EFDAFF1-12CF-4C9D-BD41-F07D63ACC400}"
EndProject
Global
	GlobalSection(SolutionConfigurationPlatforms) = preSolution
		Debug|Any CPU = Debug|Any CPU
		Release|Any CPU = Release|Any CPU
	EndGlobalSection
	GlobalSection(ProjectConfigurationPlatforms) = postSolution
		{8EFDAFF1-12CF-4C9D-BD41-F07D63ACC400}.Debug|Any CPU.ActiveCfg = Debug|Any CPU
		{8EFDAFF1-12CF-4C9D-BD41-F07D63ACC400}.Debug|Any CPU.Build.0 = Debug|Any CPU
		{8EFDAFF1-12CF-4C9D-BD41-F07D63ACC400}.Release|Any CPU.ActiveCfg = Release|Any CPU
		{8EFDAFF1-12CF-4C9D-BD41-F07D63ACC400}.Release|Any CPU.Build.0 = Release|Any CPU
	EndGlobalSection
	GlobalSection(SolutionProperties) = preSolution
		HideSolutionNode = FALSE
	EndGlobalSection
	GlobalSection(ExtensibilityGlobals) = postSolution
		SolutionGuid = {C02A4EFD-A9EA-45A3-B49B-BB8DECB64AAB}
	EndGlobalSection
EndGlobal
