
Microsoft Visual Studio Solution File, Format Version 12.00
# Visual Studio Version 17
VisualStudioVersion = 17.7.34221.43
MinimumVisualStudioVersion = 10.0.40219.1
Project("{FAE04EC0-301F-11D3-BF4B-00C04F79EFBC}") = "Calculadora", "Calculadora\Calculadora.csproj", "{90318FA1-58C2-4174-A9A9-427A3D8BB937}"
EndProject
Project("{FAE04EC0-301F-11D3-BF4B-00C04F79EFBC}") = "CalculadoraTestes", "CalculadoraTestes\CalculadoraTestes.csproj", "{561EA2CA-EF05-47D7-84D8-EB9515D601F5}"
EndProject
Global
	GlobalSection(SolutionConfigurationPlatforms) = preSolution
		Debug|Any CPU = Debug|Any CPU
		Release|Any CPU = Release|Any CPU
	EndGlobalSection
	GlobalSection(ProjectConfigurationPlatforms) = postSolution
		{90318FA1-58C2-4174-A9A9-427A3D8BB937}.Debug|Any CPU.ActiveCfg = Debug|Any CPU
		{90318FA1-58C2-4174-A9A9-427A3D8BB937}.Debug|Any CPU.Build.0 = Debug|Any CPU
		{90318FA1-58C2-4174-A9A9-427A3D8BB937}.Release|Any CPU.ActiveCfg = Release|Any CPU
		{90318FA1-58C2-4174-A9A9-427A3D8BB937}.Release|Any CPU.Build.0 = Release|Any CPU
		{561EA2CA-EF05-47D7-84D8-EB9515D601F5}.Debug|Any CPU.ActiveCfg = Debug|Any CPU
		{561EA2CA-EF05-47D7-84D8-EB9515D601F5}.Debug|Any CPU.Build.0 = Debug|Any CPU
		{561EA2CA-EF05-47D7-84D8-EB9515D601F5}.Release|Any CPU.ActiveCfg = Release|Any CPU
		{561EA2CA-EF05-47D7-84D8-EB9515D601F5}.Release|Any CPU.Build.0 = Release|Any CPU
	EndGlobalSection
	GlobalSection(SolutionProperties) = preSolution
		HideSolutionNode = FALSE
	EndGlobalSection
	GlobalSection(ExtensibilityGlobals) = postSolution
		SolutionGuid = {CEF59739-6FCD-43F5-9225-40AEC589D929}
	EndGlobalSection
EndGlobal
